// !$*UTF8*$!
{
	archiveVersion = 1;
	classes = {
	};
	objectVersion = 50;
	objects = {

/* Begin PBXBuildFile section */
		960643CD2401878C0034301D /* Queue.swift in Sources */ = {isa = PBXBuildFile; fileRef = 960643CC2401878C0034301D /* Queue.swift */; };
		960C100E2366C17E00BE7693 /* ThreeViewController.swift in Sources */ = {isa = PBXBuildFile; fileRef = 960C100D2366C17E00BE7693 /* ThreeViewController.swift */; };
		960C1010236710B300BE7693 /* Arrayotherproblems.swift in Sources */ = {isa = PBXBuildFile; fileRef = 960C100F236710B300BE7693 /* Arrayotherproblems.swift */; };
		961C5CD72382728C00ABEC84 /* ObserverCenter.swift in Sources */ = {isa = PBXBuildFile; fileRef = 961C5CD62382728C00ABEC84 /* ObserverCenter.swift */; };
		961C5CDA238272CF00ABEC84 /* Observer.swift in Sources */ = {isa = PBXBuildFile; fileRef = 961C5CD9238272CF00ABEC84 /* Observer.swift */; };
		96363B022101E5E700B10286 /* ArrayOperataions.swift in Sources */ = {isa = PBXBuildFile; fileRef = 96363B012101E5E700B10286 /* ArrayOperataions.swift */; };
		963A4AE123F1745D009078E2 /* Stack.swift in Sources */ = {isa = PBXBuildFile; fileRef = 963A4AE023F1745D009078E2 /* Stack.swift */; };
		963A4AE323F17576009078E2 /* LinkedList.swift in Sources */ = {isa = PBXBuildFile; fileRef = 963A4AE223F17576009078E2 /* LinkedList.swift */; };
		963F771723F960A500713BC6 /* BinaryTreePractice.swift in Sources */ = {isa = PBXBuildFile; fileRef = 963F771523F960A400713BC6 /* BinaryTreePractice.swift */; };
		963F771823F960A500713BC6 /* BinarySearchTree.swift in Sources */ = {isa = PBXBuildFile; fileRef = 963F771623F960A500713BC6 /* BinarySearchTree.swift */; };
		9672B79420F08E9B00349635 /* AppDelegate.swift in Sources */ = {isa = PBXBuildFile; fileRef = 9672B79320F08E9B00349635 /* AppDelegate.swift */; };
		9672B79620F08E9B00349635 /* ViewController.swift in Sources */ = {isa = PBXBuildFile; fileRef = 9672B79520F08E9B00349635 /* ViewController.swift */; };
		9672B79920F08E9B00349635 /* Main.storyboard in Resources */ = {isa = PBXBuildFile; fileRef = 9672B79720F08E9B00349635 /* Main.storyboard */; };
		9672B79B20F08EA300349635 /* Assets.xcassets in Resources */ = {isa = PBXBuildFile; fileRef = 9672B79A20F08EA300349635 /* Assets.xcassets */; };
		9672B79E20F08EA300349635 /* LaunchScreen.storyboard in Resources */ = {isa = PBXBuildFile; fileRef = 9672B79C20F08EA300349635 /* LaunchScreen.storyboard */; };
		96952F2823805017006FE4C7 /* Rotate.swift in Sources */ = {isa = PBXBuildFile; fileRef = 96952F2723805017006FE4C7 /* Rotate.swift */; };
		96AC69FE238AC296008E7FD5 /* StringProblems.swift in Sources */ = {isa = PBXBuildFile; fileRef = 96AC69FD238AC295008E7FD5 /* StringProblems.swift */; };
		96B3B1CD23609F130086B0E1 /* ViewControllerTwo.swift in Sources */ = {isa = PBXBuildFile; fileRef = 96B3B1CC23609F130086B0E1 /* ViewControllerTwo.swift */; };
		96B54C5223702A0800B2E529 /* Repeative.swift in Sources */ = {isa = PBXBuildFile; fileRef = 96B54C5123702A0800B2E529 /* Repeative.swift */; };
		96B54C5623706EAE00B2E529 /* SubsetProblems.swift in Sources */ = {isa = PBXBuildFile; fileRef = 96B54C5523706EAE00B2E529 /* SubsetProblems.swift */; };
		96B54C592370726600B2E529 /* Rearrainge.swift in Sources */ = {isa = PBXBuildFile; fileRef = 96B54C582370726600B2E529 /* Rearrainge.swift */; };
		96B54C5C23707F4100B2E529 /* RemoveDuplicate.swift in Sources */ = {isa = PBXBuildFile; fileRef = 96B54C5B23707F4100B2E529 /* RemoveDuplicate.swift */; };
		96BC0B8423A3AA1B009AF4D2 /* Group.swift in Sources */ = {isa = PBXBuildFile; fileRef = 96BC0B8323A3AA1B009AF4D2 /* Group.swift */; };
		96C04E9A237336FB00E8EADA /* MinMax.swift in Sources */ = {isa = PBXBuildFile; fileRef = 96C04E99237336FB00E8EADA /* MinMax.swift */; };
		96D4913E236EF78B0075AFCD /* Largest-Smallest.swift in Sources */ = {isa = PBXBuildFile; fileRef = 96D4913D236EF78B0075AFCD /* Largest-Smallest.swift */; };
		96D49142236F21900075AFCD /* SubArrayGivenSum.swift in Sources */ = {isa = PBXBuildFile; fileRef = 96D49141236F21900075AFCD /* SubArrayGivenSum.swift */; };
		96DC6E3423E9BE62006613FF /* LCMedium.swift in Sources */ = {isa = PBXBuildFile; fileRef = 96DC6E3323E9BE62006613FF /* LCMedium.swift */; };
		96DC6E3723EB0C6F006613FF /* ObserverPattern.swift in Sources */ = {isa = PBXBuildFile; fileRef = 96DC6E3623EB0C6F006613FF /* ObserverPattern.swift */; };
		96DC6E3A23EB1CF7006613FF /* HashingPronlems.swift in Sources */ = {isa = PBXBuildFile; fileRef = 96DC6E3923EB1CF7006613FF /* HashingPronlems.swift */; };
		96FFF60923ED5FA60072A424 /* HighOrderFunction.swift in Sources */ = {isa = PBXBuildFile; fileRef = 96FFF60823ED5FA60072A424 /* HighOrderFunction.swift */; };
/* End PBXBuildFile section */

/* Begin PBXFileReference section */
		960643CC2401878C0034301D /* Queue.swift */ = {isa = PBXFileReference; lastKnownFileType = sourcecode.swift; path = Queue.swift; sourceTree = "<group>"; };
		960C100D2366C17E00BE7693 /* ThreeViewController.swift */ = {isa = PBXFileReference; lastKnownFileType = sourcecode.swift; path = ThreeViewController.swift; sourceTree = "<group>"; };
		960C100F236710B300BE7693 /* Arrayotherproblems.swift */ = {isa = PBXFileReference; lastKnownFileType = sourcecode.swift; path = Arrayotherproblems.swift; sourceTree = "<group>"; };
		961C5CD62382728C00ABEC84 /* ObserverCenter.swift */ = {isa = PBXFileReference; lastKnownFileType = sourcecode.swift; path = ObserverCenter.swift; sourceTree = "<group>"; };
		961C5CD9238272CF00ABEC84 /* Observer.swift */ = {isa = PBXFileReference; lastKnownFileType = sourcecode.swift; path = Observer.swift; sourceTree = "<group>"; };
		96363B012101E5E700B10286 /* ArrayOperataions.swift */ = {isa = PBXFileReference; lastKnownFileType = sourcecode.swift; path = ArrayOperataions.swift; sourceTree = "<group>"; };
		963A4AE023F1745D009078E2 /* Stack.swift */ = {isa = PBXFileReference; lastKnownFileType = sourcecode.swift; path = Stack.swift; sourceTree = "<group>"; };
		963A4AE223F17576009078E2 /* LinkedList.swift */ = {isa = PBXFileReference; lastKnownFileType = sourcecode.swift; path = LinkedList.swift; sourceTree = "<group>"; };
		963F771523F960A400713BC6 /* BinaryTreePractice.swift */ = {isa = PBXFileReference; fileEncoding = 4; lastKnownFileType = sourcecode.swift; path = BinaryTreePractice.swift; sourceTree = "<group>"; };
		963F771623F960A500713BC6 /* BinarySearchTree.swift */ = {isa = PBXFileReference; fileEncoding = 4; lastKnownFileType = sourcecode.swift; path = BinarySearchTree.swift; sourceTree = "<group>"; };
		9672B79020F08E9B00349635 /* ArrayInDetail.app */ = {isa = PBXFileReference; explicitFileType = wrapper.application; includeInIndex = 0; path = ArrayInDetail.app; sourceTree = BUILT_PRODUCTS_DIR; };
		9672B79320F08E9B00349635 /* AppDelegate.swift */ = {isa = PBXFileReference; lastKnownFileType = sourcecode.swift; path = AppDelegate.swift; sourceTree = "<group>"; };
		9672B79520F08E9B00349635 /* ViewController.swift */ = {isa = PBXFileReference; lastKnownFileType = sourcecode.swift; path = ViewController.swift; sourceTree = "<group>"; };
		9672B79820F08E9B00349635 /* Base */ = {isa = PBXFileReference; lastKnownFileType = file.storyboard; name = Base; path = Base.lproj/Main.storyboard; sourceTree = "<group>"; };
		9672B79A20F08EA300349635 /* Assets.xcassets */ = {isa = PBXFileReference; lastKnownFileType = folder.assetcatalog; path = Assets.xcassets; sourceTree = "<group>"; };
		9672B79D20F08EA300349635 /* Base */ = {isa = PBXFileReference; lastKnownFileType = file.storyboard; name = Base; path = Base.lproj/LaunchScreen.storyboard; sourceTree = "<group>"; };
		9672B79F20F08EA300349635 /* Info.plist */ = {isa = PBXFileReference; lastKnownFileType = text.plist.xml; path = Info.plist; sourceTree = "<group>"; };
		96952F2723805017006FE4C7 /* Rotate.swift */ = {isa = PBXFileReference; lastKnownFileType = sourcecode.swift; path = Rotate.swift; sourceTree = "<group>"; };
		96AC69FD238AC295008E7FD5 /* StringProblems.swift */ = {isa = PBXFileReference; lastKnownFileType = sourcecode.swift; path = StringProblems.swift; sourceTree = "<group>"; };
		96B3B1CC23609F130086B0E1 /* ViewControllerTwo.swift */ = {isa = PBXFileReference; lastKnownFileType = sourcecode.swift; path = ViewControllerTwo.swift; sourceTree = "<group>"; };
		96B54C5123702A0800B2E529 /* Repeative.swift */ = {isa = PBXFileReference; lastKnownFileType = sourcecode.swift; path = Repeative.swift; sourceTree = "<group>"; };
		96B54C5523706EAE00B2E529 /* SubsetProblems.swift */ = {isa = PBXFileReference; lastKnownFileType = sourcecode.swift; path = SubsetProblems.swift; sourceTree = "<group>"; };
		96B54C582370726600B2E529 /* Rearrainge.swift */ = {isa = PBXFileReference; lastKnownFileType = sourcecode.swift; path = Rearrainge.swift; sourceTree = "<group>"; };
		96B54C5B23707F4100B2E529 /* RemoveDuplicate.swift */ = {isa = PBXFileReference; lastKnownFileType = sourcecode.swift; path = RemoveDuplicate.swift; sourceTree = "<group>"; };
		96BC0B8323A3AA1B009AF4D2 /* Group.swift */ = {isa = PBXFileReference; lastKnownFileType = sourcecode.swift; path = Group.swift; sourceTree = "<group>"; };
		96C04E99237336FB00E8EADA /* MinMax.swift */ = {isa = PBXFileReference; lastKnownFileType = sourcecode.swift; name = MinMax.swift; path = ArrayInDetail/Duplicates/MinMax.swift; sourceTree = SOURCE_ROOT; };
		96D4913D236EF78B0075AFCD /* Largest-Smallest.swift */ = {isa = PBXFileReference; lastKnownFileType = sourcecode.swift; path = "Largest-Smallest.swift"; sourceTree = "<group>"; };
		96D49141236F21900075AFCD /* SubArrayGivenSum.swift */ = {isa = PBXFileReference; lastKnownFileType = sourcecode.swift; path = SubArrayGivenSum.swift; sourceTree = "<group>"; };
		96DC6E3323E9BE62006613FF /* LCMedium.swift */ = {isa = PBXFileReference; lastKnownFileType = sourcecode.swift; path = LCMedium.swift; sourceTree = "<group>"; };
		96DC6E3623EB0C6F006613FF /* ObserverPattern.swift */ = {isa = PBXFileReference; lastKnownFileType = sourcecode.swift; path = ObserverPattern.swift; sourceTree = "<group>"; };
		96DC6E3923EB1CF7006613FF /* HashingPronlems.swift */ = {isa = PBXFileReference; lastKnownFileType = sourcecode.swift; path = HashingPronlems.swift; sourceTree = "<group>"; };
		96FFF60823ED5FA60072A424 /* HighOrderFunction.swift */ = {isa = PBXFileReference; lastKnownFileType = sourcecode.swift; name = HighOrderFunction.swift; path = ../../Stack/Stack/HighOrderFunction.swift; sourceTree = "<group>"; };
/* End PBXFileReference section */

/* Begin PBXFrameworksBuildPhase section */
		9672B78D20F08E9B00349635 /* Frameworks */ = {
			isa = PBXFrameworksBuildPhase;
			buildActionMask = 2147483647;
			files = (
			);
			runOnlyForDeploymentPostprocessing = 0;
		};
/* End PBXFrameworksBuildPhase section */

/* Begin PBXGroup section */
		961C5CD52382725C00ABEC84 /* DesignPattern */ = {
			isa = PBXGroup;
			children = (
				96AC69FC238AC0CC008E7FD5 /* Strings */,
				961C5CD82382729100ABEC84 /* ObserverPattern */,
			);
			path = DesignPattern;
			sourceTree = "<group>";
		};
		961C5CD82382729100ABEC84 /* ObserverPattern */ = {
			isa = PBXGroup;
			children = (
				961C5CD62382728C00ABEC84 /* ObserverCenter.swift */,
				961C5CD9238272CF00ABEC84 /* Observer.swift */,
			);
			path = ObserverPattern;
			sourceTree = "<group>";
		};
		963A4ADD23F16B88009078E2 /* Stack */ = {
			isa = PBXGroup;
			children = (
				963A4AE023F1745D009078E2 /* Stack.swift */,
			);
			path = Stack;
			sourceTree = "<group>";
		};
		963A4ADE23F16B9A009078E2 /* Linkedlist */ = {
			isa = PBXGroup;
			children = (
				963A4AE223F17576009078E2 /* LinkedList.swift */,
			);
			path = Linkedlist;
			sourceTree = "<group>";
		};
		963A4ADF23F16BA5009078E2 /* Queue */ = {
			isa = PBXGroup;
			children = (
				960643CC2401878C0034301D /* Queue.swift */,
			);
			path = Queue;
			sourceTree = "<group>";
		};
		963F771323F9600C00713BC6 /* DS */ = {
			isa = PBXGroup;
			children = (
				963F771923F9811E00713BC6 /* Graph */,
				963F771423F9602500713BC6 /* BST-BinarySearchTree */,
				963A4ADF23F16BA5009078E2 /* Queue */,
				963A4ADE23F16B9A009078E2 /* Linkedlist */,
				963A4ADD23F16B88009078E2 /* Stack */,
			);
			path = DS;
			sourceTree = "<group>";
		};
		963F771423F9602500713BC6 /* BST-BinarySearchTree */ = {
			isa = PBXGroup;
			children = (
				963F771623F960A500713BC6 /* BinarySearchTree.swift */,
				963F771523F960A400713BC6 /* BinaryTreePractice.swift */,
			);
			path = "BST-BinarySearchTree";
			sourceTree = "<group>";
		};
		963F771923F9811E00713BC6 /* Graph */ = {
			isa = PBXGroup;
			children = (
			);
			path = Graph;
			sourceTree = "<group>";
		};
		9672B78720F08E9B00349635 = {
			isa = PBXGroup;
			children = (
				963F771323F9600C00713BC6 /* DS */,
				96FFF60723ED5F8C0072A424 /* HigherOrder */,
				96DC6E3523EB0C19006613FF /* Design */,
				96DC6E3223E9BE33006613FF /* Leetcode */,
				961C5CD52382725C00ABEC84 /* DesignPattern */,
				9672B79220F08E9B00349635 /* ArrayInDetail */,
				9672B79120F08E9B00349635 /* Products */,
			);
			sourceTree = "<group>";
		};
		9672B79120F08E9B00349635 /* Products */ = {
			isa = PBXGroup;
			children = (
				9672B79020F08E9B00349635 /* ArrayInDetail.app */,
			);
			name = Products;
			sourceTree = "<group>";
		};
		9672B79220F08E9B00349635 /* ArrayInDetail */ = {
			isa = PBXGroup;
			children = (
				96DC6E3823EB1CDE006613FF /* Hashing */,
				96BC0B8223A3AA02009AF4D2 /* Group */,
				9672B79320F08E9B00349635 /* AppDelegate.swift */,
				960C100D2366C17E00BE7693 /* ThreeViewController.swift */,
				96B3B1CC23609F130086B0E1 /* ViewControllerTwo.swift */,
				9672B79520F08E9B00349635 /* ViewController.swift */,
				96363B012101E5E700B10286 /* ArrayOperataions.swift */,
				96952F2623805001006FE4C7 /* Rotation */,
				96C04E98237336B500E8EADA /* Min-Max */,
				96B54C5A23707F2D00B2E529 /* Duplicates */,
				96B54C572370725100B2E529 /* Rearrainge */,
				96B54C5423706E9700B2E529 /* SubSet */,
				96B54C532370348700B2E529 /* Common */,
				96B54C502370297F00B2E529 /* Repeative */,
				96D49140236F21740075AFCD /* SubArray */,
				96D4913F236F21630075AFCD /* LargestSmallest */,
				9672B79720F08E9B00349635 /* Main.storyboard */,
				9672B79A20F08EA300349635 /* Assets.xcassets */,
				9672B79C20F08EA300349635 /* LaunchScreen.storyboard */,
				9672B79F20F08EA300349635 /* Info.plist */,
				960C100F236710B300BE7693 /* Arrayotherproblems.swift */,
			);
			path = ArrayInDetail;
			sourceTree = "<group>";
		};
		96952F2623805001006FE4C7 /* Rotation */ = {
			isa = PBXGroup;
			children = (
				96952F2723805017006FE4C7 /* Rotate.swift */,
			);
			path = Rotation;
			sourceTree = "<group>";
		};
		96AC69FC238AC0CC008E7FD5 /* Strings */ = {
			isa = PBXGroup;
			children = (
				96AC69FD238AC295008E7FD5 /* StringProblems.swift */,
			);
			path = Strings;
			sourceTree = "<group>";
		};
		96B54C502370297F00B2E529 /* Repeative */ = {
			isa = PBXGroup;
			children = (
				96B54C5123702A0800B2E529 /* Repeative.swift */,
			);
			path = Repeative;
			sourceTree = "<group>";
		};
		96B54C532370348700B2E529 /* Common */ = {
			isa = PBXGroup;
			children = (
			);
			path = Common;
			sourceTree = "<group>";
		};
		96B54C5423706E9700B2E529 /* SubSet */ = {
			isa = PBXGroup;
			children = (
				96B54C5523706EAE00B2E529 /* SubsetProblems.swift */,
			);
			path = SubSet;
			sourceTree = "<group>";
		};
		96B54C572370725100B2E529 /* Rearrainge */ = {
			isa = PBXGroup;
			children = (
				96B54C582370726600B2E529 /* Rearrainge.swift */,
			);
			path = Rearrainge;
			sourceTree = "<group>";
		};
		96B54C5A23707F2D00B2E529 /* Duplicates */ = {
			isa = PBXGroup;
			children = (
				96B54C5B23707F4100B2E529 /* RemoveDuplicate.swift */,
			);
			path = Duplicates;
			sourceTree = "<group>";
		};
		96BC0B8223A3AA02009AF4D2 /* Group */ = {
			isa = PBXGroup;
			children = (
				96BC0B8323A3AA1B009AF4D2 /* Group.swift */,
			);
			path = Group;
			sourceTree = "<group>";
		};
		96C04E98237336B500E8EADA /* Min-Max */ = {
			isa = PBXGroup;
			children = (
				96C04E99237336FB00E8EADA /* MinMax.swift */,
			);
			path = "Min-Max";
			sourceTree = "<group>";
		};
		96D4913F236F21630075AFCD /* LargestSmallest */ = {
			isa = PBXGroup;
			children = (
				96D4913D236EF78B0075AFCD /* Largest-Smallest.swift */,
			);
			path = LargestSmallest;
			sourceTree = "<group>";
		};
		96D49140236F21740075AFCD /* SubArray */ = {
			isa = PBXGroup;
			children = (
				96D49141236F21900075AFCD /* SubArrayGivenSum.swift */,
			);
			path = SubArray;
			sourceTree = "<group>";
		};
		96DC6E3223E9BE33006613FF /* Leetcode */ = {
			isa = PBXGroup;
			children = (
				96DC6E3323E9BE62006613FF /* LCMedium.swift */,
			);
			path = Leetcode;
			sourceTree = "<group>";
		};
		96DC6E3523EB0C19006613FF /* Design */ = {
			isa = PBXGroup;
			children = (
				96DC6E3623EB0C6F006613FF /* ObserverPattern.swift */,
			);
			path = Design;
			sourceTree = "<group>";
		};
		96DC6E3823EB1CDE006613FF /* Hashing */ = {
			isa = PBXGroup;
			children = (
				96DC6E3923EB1CF7006613FF /* HashingPronlems.swift */,
			);
			name = Hashing;
			path = "New Group";
			sourceTree = "<group>";
		};
		96FFF60723ED5F8C0072A424 /* HigherOrder */ = {
			isa = PBXGroup;
			children = (
				96FFF60823ED5FA60072A424 /* HighOrderFunction.swift */,
			);
			path = HigherOrder;
			sourceTree = "<group>";
		};
/* End PBXGroup section */

/* Begin PBXNativeTarget section */
		9672B78F20F08E9B00349635 /* ArrayInDetail */ = {
			isa = PBXNativeTarget;
			buildConfigurationList = 9672B7A220F08EA300349635 /* Build configuration list for PBXNativeTarget "ArrayInDetail" */;
			buildPhases = (
				9672B78C20F08E9B00349635 /* Sources */,
				9672B78D20F08E9B00349635 /* Frameworks */,
				9672B78E20F08E9B00349635 /* Resources */,
			);
			buildRules = (
			);
			dependencies = (
			);
			name = ArrayInDetail;
			productName = ArrayInDetail;
			productReference = 9672B79020F08E9B00349635 /* ArrayInDetail.app */;
			productType = "com.apple.product-type.application";
		};
/* End PBXNativeTarget section */

/* Begin PBXProject section */
		9672B78820F08E9B00349635 /* Project object */ = {
			isa = PBXProject;
			attributes = {
				LastSwiftUpdateCheck = 0940;
				LastUpgradeCheck = 0940;
				ORGANIZATIONNAME = malikj;
				TargetAttributes = {
					9672B78F20F08E9B00349635 = {
						CreatedOnToolsVersion = 9.4;
					};
				};
			};
			buildConfigurationList = 9672B78B20F08E9B00349635 /* Build configuration list for PBXProject "ArrayInDetail" */;
			compatibilityVersion = "Xcode 9.3";
			developmentRegion = en;
			hasScannedForEncodings = 0;
			knownRegions = (
				en,
				Base,
			);
			mainGroup = 9672B78720F08E9B00349635;
			productRefGroup = 9672B79120F08E9B00349635 /* Products */;
			projectDirPath = "";
			projectRoot = "";
			targets = (
				9672B78F20F08E9B00349635 /* ArrayInDetail */,
			);
		};
/* End PBXProject section */

/* Begin PBXResourcesBuildPhase section */
		9672B78E20F08E9B00349635 /* Resources */ = {
			isa = PBXResourcesBuildPhase;
			buildActionMask = 2147483647;
			files = (
				9672B79E20F08EA300349635 /* LaunchScreen.storyboard in Resources */,
				9672B79B20F08EA300349635 /* Assets.xcassets in Resources */,
				9672B79920F08E9B00349635 /* Main.storyboard in Resources */,
			);
			runOnlyForDeploymentPostprocessing = 0;
		};
/* End PBXResourcesBuildPhase section */

/* Begin PBXSourcesBuildPhase section */
		9672B78C20F08E9B00349635 /* Sources */ = {
			isa = PBXSourcesBuildPhase;
			buildActionMask = 2147483647;
			files = (
				961C5CD72382728C00ABEC84 /* ObserverCenter.swift in Sources */,
				96DC6E3A23EB1CF7006613FF /* HashingPronlems.swift in Sources */,
				961C5CDA238272CF00ABEC84 /* Observer.swift in Sources */,
				96AC69FE238AC296008E7FD5 /* StringProblems.swift in Sources */,
				963F771723F960A500713BC6 /* BinaryTreePractice.swift in Sources */,
				96C04E9A237336FB00E8EADA /* MinMax.swift in Sources */,
				96D49142236F21900075AFCD /* SubArrayGivenSum.swift in Sources */,
				963A4AE323F17576009078E2 /* LinkedList.swift in Sources */,
				96DC6E3423E9BE62006613FF /* LCMedium.swift in Sources */,
				96B3B1CD23609F130086B0E1 /* ViewControllerTwo.swift in Sources */,
				96B54C592370726600B2E529 /* Rearrainge.swift in Sources */,
				9672B79620F08E9B00349635 /* ViewController.swift in Sources */,
				963A4AE123F1745D009078E2 /* Stack.swift in Sources */,
				96D4913E236EF78B0075AFCD /* Largest-Smallest.swift in Sources */,
				96BC0B8423A3AA1B009AF4D2 /* Group.swift in Sources */,
				96B54C5223702A0800B2E529 /* Repeative.swift in Sources */,
				960643CD2401878C0034301D /* Queue.swift in Sources */,
				960C1010236710B300BE7693 /* Arrayotherproblems.swift in Sources */,
				96952F2823805017006FE4C7 /* Rotate.swift in Sources */,
				963F771823F960A500713BC6 /* BinarySearchTree.swift in Sources */,
				96DC6E3723EB0C6F006613FF /* ObserverPattern.swift in Sources */,
				96FFF60923ED5FA60072A424 /* HighOrderFunction.swift in Sources */,
				96363B022101E5E700B10286 /* ArrayOperataions.swift in Sources */,
				9672B79420F08E9B00349635 /* AppDelegate.swift in Sources */,
				96B54C5C23707F4100B2E529 /* RemoveDuplicate.swift in Sources */,
				960C100E2366C17E00BE7693 /* ThreeViewController.swift in Sources */,
				96B54C5623706EAE00B2E529 /* SubsetProblems.swift in Sources */,
			);
			runOnlyForDeploymentPostprocessing = 0;
		};
/* End PBXSourcesBuildPhase section */

/* Begin PBXVariantGroup section */
		9672B79720F08E9B00349635 /* Main.storyboard */ = {
			isa = PBXVariantGroup;
			children = (
				9672B79820F08E9B00349635 /* Base */,
			);
			name = Main.storyboard;
			sourceTree = "<group>";
		};
		9672B79C20F08EA300349635 /* LaunchScreen.storyboard */ = {
			isa = PBXVariantGroup;
			children = (
				9672B79D20F08EA300349635 /* Base */,
			);
			name = LaunchScreen.storyboard;
			sourceTree = "<group>";
		};
/* End PBXVariantGroup section */

/* Begin XCBuildConfiguration section */
		9672B7A020F08EA300349635 /* Debug */ = {
			isa = XCBuildConfiguration;
			buildSettings = {
				ALWAYS_SEARCH_USER_PATHS = NO;
				CLANG_ANALYZER_NONNULL = YES;
				CLANG_ANALYZER_NUMBER_OBJECT_CONVERSION = YES_AGGRESSIVE;
				CLANG_CXX_LANGUAGE_STANDARD = "gnu++14";
				CLANG_CXX_LIBRARY = "libc++";
				CLANG_ENABLE_MODULES = YES;
				CLANG_ENABLE_OBJC_ARC = YES;
				CLANG_ENABLE_OBJC_WEAK = YES;
				CLANG_WARN_BLOCK_CAPTURE_AUTORELEASING = YES;
				CLANG_WARN_BOOL_CONVERSION = YES;
				CLANG_WARN_COMMA = YES;
				CLANG_WARN_CONSTANT_CONVERSION = YES;
				CLANG_WARN_DEPRECATED_OBJC_IMPLEMENTATIONS = YES;
				CLANG_WARN_DIRECT_OBJC_ISA_USAGE = YES_ERROR;
				CLANG_WARN_DOCUMENTATION_COMMENTS = YES;
				CLANG_WARN_EMPTY_BODY = YES;
				CLANG_WARN_ENUM_CONVERSION = YES;
				CLANG_WARN_INFINITE_RECURSION = YES;
				CLANG_WARN_INT_CONVERSION = YES;
				CLANG_WARN_NON_LITERAL_NULL_CONVERSION = YES;
				CLANG_WARN_OBJC_IMPLICIT_RETAIN_SELF = YES;
				CLANG_WARN_OBJC_LITERAL_CONVERSION = YES;
				CLANG_WARN_OBJC_ROOT_CLASS = YES_ERROR;
				CLANG_WARN_RANGE_LOOP_ANALYSIS = YES;
				CLANG_WARN_STRICT_PROTOTYPES = YES;
				CLANG_WARN_SUSPICIOUS_MOVE = YES;
				CLANG_WARN_UNGUARDED_AVAILABILITY = YES_AGGRESSIVE;
				CLANG_WARN_UNREACHABLE_CODE = YES;
				CLANG_WARN__DUPLICATE_METHOD_MATCH = YES;
				CODE_SIGN_IDENTITY = "iPhone Developer";
				COPY_PHASE_STRIP = NO;
				DEBUG_INFORMATION_FORMAT = dwarf;
				ENABLE_STRICT_OBJC_MSGSEND = YES;
				ENABLE_TESTABILITY = YES;
				GCC_C_LANGUAGE_STANDARD = gnu11;
				GCC_DYNAMIC_NO_PIC = NO;
				GCC_NO_COMMON_BLOCKS = YES;
				GCC_OPTIMIZATION_LEVEL = 0;
				GCC_PREPROCESSOR_DEFINITIONS = (
					"DEBUG=1",
					"$(inherited)",
				);
				GCC_WARN_64_TO_32_BIT_CONVERSION = YES;
				GCC_WARN_ABOUT_RETURN_TYPE = YES_ERROR;
				GCC_WARN_UNDECLARED_SELECTOR = YES;
				GCC_WARN_UNINITIALIZED_AUTOS = YES_AGGRESSIVE;
				GCC_WARN_UNUSED_FUNCTION = YES;
				GCC_WARN_UNUSED_VARIABLE = YES;
				IPHONEOS_DEPLOYMENT_TARGET = 11.4;
				MTL_ENABLE_DEBUG_INFO = YES;
				ONLY_ACTIVE_ARCH = YES;
				SDKROOT = iphoneos;
				SWIFT_ACTIVE_COMPILATION_CONDITIONS = DEBUG;
				SWIFT_OPTIMIZATION_LEVEL = "-Onone";
			};
			name = Debug;
		};
		9672B7A120F08EA300349635 /* Release */ = {
			isa = XCBuildConfiguration;
			buildSettings = {
				ALWAYS_SEARCH_USER_PATHS = NO;
				CLANG_ANALYZER_NONNULL = YES;
				CLANG_ANALYZER_NUMBER_OBJECT_CONVERSION = YES_AGGRESSIVE;
				CLANG_CXX_LANGUAGE_STANDARD = "gnu++14";
				CLANG_CXX_LIBRARY = "libc++";
				CLANG_ENABLE_MODULES = YES;
				CLANG_ENABLE_OBJC_ARC = YES;
				CLANG_ENABLE_OBJC_WEAK = YES;
				CLANG_WARN_BLOCK_CAPTURE_AUTORELEASING = YES;
				CLANG_WARN_BOOL_CONVERSION = YES;
				CLANG_WARN_COMMA = YES;
				CLANG_WARN_CONSTANT_CONVERSION = YES;
				CLANG_WARN_DEPRECATED_OBJC_IMPLEMENTATIONS = YES;
				CLANG_WARN_DIRECT_OBJC_ISA_USAGE = YES_ERROR;
				CLANG_WARN_DOCUMENTATION_COMMENTS = YES;
				CLANG_WARN_EMPTY_BODY = YES;
				CLANG_WARN_ENUM_CONVERSION = YES;
				CLANG_WARN_INFINITE_RECURSION = YES;
				CLANG_WARN_INT_CONVERSION = YES;
				CLANG_WARN_NON_LITERAL_NULL_CONVERSION = YES;
				CLANG_WARN_OBJC_IMPLICIT_RETAIN_SELF = YES;
				CLANG_WARN_OBJC_LITERAL_CONVERSION = YES;
				CLANG_WARN_OBJC_ROOT_CLASS = YES_ERROR;
				CLANG_WARN_RANGE_LOOP_ANALYSIS = YES;
				CLANG_WARN_STRICT_PROTOTYPES = YES;
				CLANG_WARN_SUSPICIOUS_MOVE = YES;
				CLANG_WARN_UNGUARDED_AVAILABILITY = YES_AGGRESSIVE;
				CLANG_WARN_UNREACHABLE_CODE = YES;
				CLANG_WARN__DUPLICATE_METHOD_MATCH = YES;
				CODE_SIGN_IDENTITY = "iPhone Developer";
				COPY_PHASE_STRIP = NO;
				DEBUG_INFORMATION_FORMAT = "dwarf-with-dsym";
				ENABLE_NS_ASSERTIONS = NO;
				ENABLE_STRICT_OBJC_MSGSEND = YES;
				GCC_C_LANGUAGE_STANDARD = gnu11;
				GCC_NO_COMMON_BLOCKS = YES;
				GCC_WARN_64_TO_32_BIT_CONVERSION = YES;
				GCC_WARN_ABOUT_RETURN_TYPE = YES_ERROR;
				GCC_WARN_UNDECLARED_SELECTOR = YES;
				GCC_WARN_UNINITIALIZED_AUTOS = YES_AGGRESSIVE;
				GCC_WARN_UNUSED_FUNCTION = YES;
				GCC_WARN_UNUSED_VARIABLE = YES;
				IPHONEOS_DEPLOYMENT_TARGET = 11.4;
				MTL_ENABLE_DEBUG_INFO = NO;
				SDKROOT = iphoneos;
				SWIFT_COMPILATION_MODE = wholemodule;
				SWIFT_OPTIMIZATION_LEVEL = "-O";
				VALIDATE_PRODUCT = YES;
			};
			name = Release;
		};
		9672B7A320F08EA300349635 /* Debug */ = {
			isa = XCBuildConfiguration;
			buildSettings = {
				ASSETCATALOG_COMPILER_APPICON_NAME = AppIcon;
				CODE_SIGN_STYLE = Automatic;
				DEVELOPMENT_TEAM = 97HLBH5R58;
				INFOPLIST_FILE = ArrayInDetail/Info.plist;
				LD_RUNPATH_SEARCH_PATHS = (
					"$(inherited)",
					"@executable_path/Frameworks",
				);
				PRODUCT_BUNDLE_IDENTIFIER = com.ArrayInDetail;
				PRODUCT_NAME = "$(TARGET_NAME)";
				SWIFT_VERSION = 4.0;
				TARGETED_DEVICE_FAMILY = "1,2";
			};
			name = Debug;
		};
		9672B7A420F08EA300349635 /* Release */ = {
			isa = XCBuildConfiguration;
			buildSettings = {
				ASSETCATALOG_COMPILER_APPICON_NAME = AppIcon;
				CODE_SIGN_STYLE = Automatic;
				DEVELOPMENT_TEAM = 97HLBH5R58;
				INFOPLIST_FILE = ArrayInDetail/Info.plist;
				LD_RUNPATH_SEARCH_PATHS = (
					"$(inherited)",
					"@executable_path/Frameworks",
				);
				PRODUCT_BUNDLE_IDENTIFIER = com.ArrayInDetail;
				PRODUCT_NAME = "$(TARGET_NAME)";
				SWIFT_VERSION = 4.0;
				TARGETED_DEVICE_FAMILY = "1,2";
			};
			name = Release;
		};
/* End XCBuildConfiguration section */

/* Begin XCConfigurationList section */
		9672B78B20F08E9B00349635 /* Build configuration list for PBXProject "ArrayInDetail" */ = {
			isa = XCConfigurationList;
			buildConfigurations = (
				9672B7A020F08EA300349635 /* Debug */,
				9672B7A120F08EA300349635 /* Release */,
			);
			defaultConfigurationIsVisible = 0;
			defaultConfigurationName = Release;
		};
		9672B7A220F08EA300349635 /* Build configuration list for PBXNativeTarget "ArrayInDetail" */ = {
			isa = XCConfigurationList;
			buildConfigurations = (
				9672B7A320F08EA300349635 /* Debug */,
				9672B7A420F08EA300349635 /* Release */,
			);
			defaultConfigurationIsVisible = 0;
			defaultConfigurationName = Release;
		};
/* End XCConfigurationList section */
	};
	rootObject = 9672B78820F08E9B00349635 /* Project object */;
}
